github.com/Kichiyaki/goutil v0.0.0-20210502095630-318d17091eab h1:XFHuFbQQPKkSYw/Z+nQ0ZeOz/Bx3PFWRk0lWtJc7yx8=
github.com/Kichiyaki/goutil v0.0.0-20210502095630-318d17091eab/go.mod h1:+HhI932Xb0xrCodNcCv5GPiCjLYhDxWhCtlEqMIJhB4=
github.com/Kichiyaki/goutil v0.1.0 h1:FxcESWhmwOuhwK2H14oDzo6kZ+J8TDOjdIulgzP/rXs=
github.com/Kichiyaki/goutil v0.1.0/go.mod h1:c1d+I8M8Hjdb9Brn3S5cYfMQk9Nf/9mYumATyVCF3io=
